
Microsoft Visual Studio Solution File, Format Version 12.00
# Visual Studio 2013
VisualStudioVersion = 12.0.30110.0
MinimumVisualStudioVersion = 10.0.40219.1
Project("{8BC9CEB8-8B4A-11D0-8D11-00A0C91BC942}") = "CirclesAreaAndCircumference", "CirclesAreaAndCircumference\CirclesAreaAndCircumference.vcxproj", "{BAF7842F-214E-4D82-A7AE-829C5CFAED4A}"
EndProject
Global
	GlobalSection(SolutionConfigurationPlatforms) = preSolution
		Debug|Win32 = Debug|Win32
		Release|Win32 = Release|Win32
	EndGlobalSection
	GlobalSection(ProjectConfigurationPlatforms) = postSolution
		{BAF7842F-214E-4D82-A7AE-829C5CFAED4A}.Debug|Win32.ActiveCfg = Debug|Win32
		{BAF7842F-214E-4D82-A7AE-829C5CFAED4A}.Debug|Win32.Build.0 = Debug|Win32
		{BAF7842F-214E-4D82-A7AE-829C5CFAED4A}.Release|Win32.ActiveCfg = Release|Win32
		{BAF7842F-214E-4D82-A7AE-829C5CFAED4A}.Release|Win32.Build.0 = Release|Win32
	EndGlobalSection
	GlobalSection(SolutionProperties) = preSolution
		HideSolutionNode = FALSE
	EndGlobalSection
EndGlobal
